
Microsoft Visual Studio Solution File, Format Version 12.00
# Visual Studio Version 16
VisualStudioVersion = 16.0.30011.22
MinimumVisualStudioVersion = 10.0.40219.1
Project("{FAE04EC0-301F-11D3-BF4B-00C04F79EFBC}") = "UserMaintenance", "UserMaintenance\UserMaintenance.csproj", "{1D54F6E8-4621-40CB-B789-D06421B782B3}"
EndProject
Project("{FAE04EC0-301F-11D3-BF4B-00C04F79EFBC}") = "ExcelImport", "ExcelImport\ExcelImport.csproj", "{2C23C4B5-47E9-4305-9995-4C6D5B6EB4A4}"
EndProject
Project("{FAE04EC0-301F-11D3-BF4B-00C04F79EFBC}") = "Var", "Var\Var.csproj", "{163D83F4-B3E0-4EE5-8B6B-45D5C75E367B}"
EndProject
Project("{FAE04EC0-301F-11D3-BF4B-00C04F79EFBC}") = "arfolyam", "arfolyam\arfolyam.csproj", "{AE7E152F-3787-4C84-873F-82102EA2D2D6}"
EndProject
Project("{FAE04EC0-301F-11D3-BF4B-00C04F79EFBC}") = "Szimulacio", "Szimulacio\Szimulacio.csproj", "{5F5BD831-4921-470B-91D6-0144A1701779}"
EndProject
Global
	GlobalSection(SolutionConfigurationPlatforms) = preSolution
		Debug|Any CPU = Debug|Any CPU
		Release|Any CPU = Release|Any CPU
	EndGlobalSection
	GlobalSection(ProjectConfigurationPlatforms) = postSolution
		{1D54F6E8-4621-40CB-B789-D06421B782B3}.Debug|Any CPU.ActiveCfg = Debug|Any CPU
		{1D54F6E8-4621-40CB-B789-D06421B782B3}.Debug|Any CPU.Build.0 = Debug|Any CPU
		{1D54F6E8-4621-40CB-B789-D06421B782B3}.Release|Any CPU.ActiveCfg = Release|Any CPU
		{1D54F6E8-4621-40CB-B789-D06421B782B3}.Release|Any CPU.Build.0 = Release|Any CPU
		{2C23C4B5-47E9-4305-9995-4C6D5B6EB4A4}.Debug|Any CPU.ActiveCfg = Debug|Any CPU
		{2C23C4B5-47E9-4305-9995-4C6D5B6EB4A4}.Debug|Any CPU.Build.0 = Debug|Any CPU
		{2C23C4B5-47E9-4305-9995-4C6D5B6EB4A4}.Release|Any CPU.ActiveCfg = Release|Any CPU
		{2C23C4B5-47E9-4305-9995-4C6D5B6EB4A4}.Release|Any CPU.Build.0 = Release|Any CPU
		{163D83F4-B3E0-4EE5-8B6B-45D5C75E367B}.Debug|Any CPU.ActiveCfg = Debug|Any CPU
		{163D83F4-B3E0-4EE5-8B6B-45D5C75E367B}.Debug|Any CPU.Build.0 = Debug|Any CPU
		{163D83F4-B3E0-4EE5-8B6B-45D5C75E367B}.Release|Any CPU.ActiveCfg = Release|Any CPU
		{163D83F4-B3E0-4EE5-8B6B-45D5C75E367B}.Release|Any CPU.Build.0 = Release|Any CPU
		{AE7E152F-3787-4C84-873F-82102EA2D2D6}.Debug|Any CPU.ActiveCfg = Debug|Any CPU
		{AE7E152F-3787-4C84-873F-82102EA2D2D6}.Debug|Any CPU.Build.0 = Debug|Any CPU
		{AE7E152F-3787-4C84-873F-82102EA2D2D6}.Release|Any CPU.ActiveCfg = Release|Any CPU
		{AE7E152F-3787-4C84-873F-82102EA2D2D6}.Release|Any CPU.Build.0 = Release|Any CPU
		{5F5BD831-4921-470B-91D6-0144A1701779}.Debug|Any CPU.ActiveCfg = Debug|Any CPU
		{5F5BD831-4921-470B-91D6-0144A1701779}.Debug|Any CPU.Build.0 = Debug|Any CPU
		{5F5BD831-4921-470B-91D6-0144A1701779}.Release|Any CPU.ActiveCfg = Release|Any CPU
		{5F5BD831-4921-470B-91D6-0144A1701779}.Release|Any CPU.Build.0 = Release|Any CPU
	EndGlobalSection
	GlobalSection(SolutionProperties) = preSolution
		HideSolutionNode = FALSE
	EndGlobalSection
	GlobalSection(ExtensibilityGlobals) = postSolution
		SolutionGuid = {94469885-A320-4104-B24A-F63114C5ED88}
	EndGlobalSection
EndGlobal
